// !$*UTF8*$!
{
	archiveVersion = 1;
	classes = {
	};
	objectVersion = 50;
	objects = {

/* Begin PBXBuildFile section */
		AD27353927A13F1000566C59 /* AppDelegate.swift in Sources */ = {isa = PBXBuildFile; fileRef = AD27353827A13F1000566C59 /* AppDelegate.swift */; };
		AD27353B27A13F1000566C59 /* GameScene.sks in Resources */ = {isa = PBXBuildFile; fileRef = AD27353A27A13F1000566C59 /* GameScene.sks */; };
		AD27353D27A13F1000566C59 /* Actions.sks in Resources */ = {isa = PBXBuildFile; fileRef = AD27353C27A13F1000566C59 /* Actions.sks */; };
		AD27353F27A13F1000566C59 /* GameScene.swift in Sources */ = {isa = PBXBuildFile; fileRef = AD27353E27A13F1000566C59 /* GameScene.swift */; };
		AD27354127A13F1000566C59 /* ViewController.swift in Sources */ = {isa = PBXBuildFile; fileRef = AD27354027A13F1000566C59 /* ViewController.swift */; };
		AD27354327A13F1000566C59 /* Assets.xcassets in Resources */ = {isa = PBXBuildFile; fileRef = AD27354227A13F1000566C59 /* Assets.xcassets */; };
		AD27354627A13F1000566C59 /* Main.storyboard in Resources */ = {isa = PBXBuildFile; fileRef = AD27354427A13F1000566C59 /* Main.storyboard */; };
		AD2EDA0727AA7F3A00718044 /* space.png in Resources */ = {isa = PBXBuildFile; fileRef = AD2EDA0627AA7F3900718044 /* space.png */; };
		AD2EDA0A27AA807200718044 /* miss.png in Resources */ = {isa = PBXBuildFile; fileRef = AD2EDA0927AA807200718044 /* miss.png */; };
		ADD30A9327A15E8700170581 /* vaisseau.jpg in Resources */ = {isa = PBXBuildFile; fileRef = ADD30A9227A15E8700170581 /* vaisseau.jpg */; };
		ADD30A9A27A15F9700170581 /* space.jpg in Resources */ = {isa = PBXBuildFile; fileRef = ADD30A9927A15F9700170581 /* space.jpg */; };
/* End PBXBuildFile section */

/* Begin PBXFileReference section */
		AD27353527A13F1000566C59 /* Scramble.app */ = {isa = PBXFileReference; explicitFileType = wrapper.application; includeInIndex = 0; path = Scramble.app; sourceTree = BUILT_PRODUCTS_DIR; };
		AD27353827A13F1000566C59 /* AppDelegate.swift */ = {isa = PBXFileReference; lastKnownFileType = sourcecode.swift; path = AppDelegate.swift; sourceTree = "<group>"; };
		AD27353A27A13F1000566C59 /* GameScene.sks */ = {isa = PBXFileReference; lastKnownFileType = file.sks; path = GameScene.sks; sourceTree = "<group>"; };
		AD27353C27A13F1000566C59 /* Actions.sks */ = {isa = PBXFileReference; lastKnownFileType = file.sks; path = Actions.sks; sourceTree = "<group>"; };
		AD27353E27A13F1000566C59 /* GameScene.swift */ = {isa = PBXFileReference; lastKnownFileType = sourcecode.swift; path = GameScene.swift; sourceTree = "<group>"; };
		AD27354027A13F1000566C59 /* ViewController.swift */ = {isa = PBXFileReference; lastKnownFileType = sourcecode.swift; path = ViewController.swift; sourceTree = "<group>"; };
		AD27354227A13F1000566C59 /* Assets.xcassets */ = {isa = PBXFileReference; lastKnownFileType = folder.assetcatalog; path = Assets.xcassets; sourceTree = "<group>"; };
		AD27354527A13F1000566C59 /* Base */ = {isa = PBXFileReference; lastKnownFileType = file.storyboard; name = Base; path = Base.lproj/Main.storyboard; sourceTree = "<group>"; };
		AD27354727A13F1000566C59 /* Info.plist */ = {isa = PBXFileReference; lastKnownFileType = text.plist.xml; path = Info.plist; sourceTree = "<group>"; };
		AD27354827A13F1000566C59 /* Scramble.entitlements */ = {isa = PBXFileReference; lastKnownFileType = text.plist.entitlements; path = Scramble.entitlements; sourceTree = "<group>"; };
		AD2EDA0627AA7F3900718044 /* space.png */ = {isa = PBXFileReference; lastKnownFileType = image.png; path = space.png; sourceTree = "<group>"; };
		AD2EDA0927AA807200718044 /* miss.png */ = {isa = PBXFileReference; lastKnownFileType = image.png; path = miss.png; sourceTree = "<group>"; };
		ADD30A9227A15E8700170581 /* vaisseau.jpg */ = {isa = PBXFileReference; lastKnownFileType = image.jpeg; path = vaisseau.jpg; sourceTree = "<group>"; };
		ADD30A9927A15F9700170581 /* space.jpg */ = {isa = PBXFileReference; lastKnownFileType = image.jpeg; path = space.jpg; sourceTree = "<group>"; };
/* End PBXFileReference section */

/* Begin PBXFrameworksBuildPhase section */
		AD27353227A13F1000566C59 /* Frameworks */ = {
			isa = PBXFrameworksBuildPhase;
			buildActionMask = 2147483647;
			files = (
			);
			runOnlyForDeploymentPostprocessing = 0;
		};
/* End PBXFrameworksBuildPhase section */

/* Begin PBXGroup section */
		AD27352C27A13F0F00566C59 = {
			isa = PBXGroup;
			children = (
				AD27353727A13F1000566C59 /* Scramble */,
				AD27353627A13F1000566C59 /* Products */,
			);
			sourceTree = "<group>";
		};
		AD27353627A13F1000566C59 /* Products */ = {
			isa = PBXGroup;
			children = (
				AD27353527A13F1000566C59 /* Scramble.app */,
			);
			name = Products;
			sourceTree = "<group>";
		};
		AD27353727A13F1000566C59 /* Scramble */ = {
			isa = PBXGroup;
			children = (
				AD27353827A13F1000566C59 /* AppDelegate.swift */,
				AD27353A27A13F1000566C59 /* GameScene.sks */,
				AD2EDA0627AA7F3900718044 /* space.png */,
				ADD30A9227A15E8700170581 /* vaisseau.jpg */,
				ADD30A9927A15F9700170581 /* space.jpg */,
				AD27353C27A13F1000566C59 /* Actions.sks */,
				AD27353E27A13F1000566C59 /* GameScene.swift */,
				AD2EDA0927AA807200718044 /* miss.png */,
				AD27354027A13F1000566C59 /* ViewController.swift */,
				AD27354227A13F1000566C59 /* Assets.xcassets */,
				AD27354427A13F1000566C59 /* Main.storyboard */,
				AD27354727A13F1000566C59 /* Info.plist */,
				AD27354827A13F1000566C59 /* Scramble.entitlements */,
			);
			path = Scramble;
			sourceTree = "<group>";
		};
/* End PBXGroup section */

/* Begin PBXNativeTarget section */
		AD27353427A13F1000566C59 /* Scramble */ = {
			isa = PBXNativeTarget;
			buildConfigurationList = AD27354B27A13F1000566C59 /* Build configuration list for PBXNativeTarget "Scramble" */;
			buildPhases = (
				AD27353127A13F1000566C59 /* Sources */,
				AD27353227A13F1000566C59 /* Frameworks */,
				AD27353327A13F1000566C59 /* Resources */,
			);
			buildRules = (
			);
			dependencies = (
			);
			name = Scramble;
			productName = Scramble;
			productReference = AD27353527A13F1000566C59 /* Scramble.app */;
			productType = "com.apple.product-type.application";
		};
/* End PBXNativeTarget section */

/* Begin PBXProject section */
		AD27352D27A13F0F00566C59 /* Project object */ = {
			isa = PBXProject;
			attributes = {
				LastSwiftUpdateCheck = 1240;
				LastUpgradeCheck = 1240;
				TargetAttributes = {
					AD27353427A13F1000566C59 = {
						CreatedOnToolsVersion = 12.4;
					};
				};
			};
			buildConfigurationList = AD27353027A13F0F00566C59 /* Build configuration list for PBXProject "Scramble" */;
			compatibilityVersion = "Xcode 9.3";
			developmentRegion = en;
			hasScannedForEncodings = 0;
			knownRegions = (
				en,
				Base,
			);
			mainGroup = AD27352C27A13F0F00566C59;
			productRefGroup = AD27353627A13F1000566C59 /* Products */;
			projectDirPath = "";
			projectRoot = "";
			targets = (
				AD27353427A13F1000566C59 /* Scramble */,
			);
		};
/* End PBXProject section */

/* Begin PBXResourcesBuildPhase section */
		AD27353327A13F1000566C59 /* Resources */ = {
			isa = PBXResourcesBuildPhase;
			buildActionMask = 2147483647;
			files = (
				AD27353B27A13F1000566C59 /* GameScene.sks in Resources */,
				ADD30A9327A15E8700170581 /* vaisseau.jpg in Resources */,
				AD27354327A13F1000566C59 /* Assets.xcassets in Resources */,
				AD27353D27A13F1000566C59 /* Actions.sks in Resources */,
				ADD30A9A27A15F9700170581 /* space.jpg in Resources */,
				AD27354627A13F1000566C59 /* Main.storyboard in Resources */,
				AD2EDA0727AA7F3A00718044 /* space.png in Resources */,
				AD2EDA0A27AA807200718044 /* miss.png in Resources */,
			);
			runOnlyForDeploymentPostprocessing = 0;
		};
/* End PBXResourcesBuildPhase section */

/* Begin PBXSourcesBuildPhase section */
		AD27353127A13F1000566C59 /* Sources */ = {
			isa = PBXSourcesBuildPhase;
			buildActionMask = 2147483647;
			files = (
				AD27354127A13F1000566C59 /* ViewController.swift in Sources */,
				AD27353F27A13F1000566C59 /* GameScene.swift in Sources */,
				AD27353927A13F1000566C59 /* AppDelegate.swift in Sources */,
			);
			runOnlyForDeploymentPostprocessing = 0;
		};
/* End PBXSourcesBuildPhase section */

/* Begin PBXVariantGroup section */
		AD27354427A13F1000566C59 /* Main.storyboard */ = {
			isa = PBXVariantGroup;
			children = (
				AD27354527A13F1000566C59 /* Base */,
			);
			name = Main.storyboard;
			sourceTree = "<group>";
		};
/* End PBXVariantGroup section */

/* Begin XCBuildConfiguration section */
		AD27354927A13F1000566C59 /* Debug */ = {
			isa = XCBuildConfiguration;
			buildSettings = {
				ALWAYS_SEARCH_USER_PATHS = NO;
				CLANG_ANALYZER_NONNULL = YES;
				CLANG_ANALYZER_NUMBER_OBJECT_CONVERSION = YES_AGGRESSIVE;
				CLANG_CXX_LANGUAGE_STANDARD = "gnu++14";
				CLANG_CXX_LIBRARY = "libc++";
				CLANG_ENABLE_MODULES = YES;
				CLANG_ENABLE_OBJC_ARC = YES;
				CLANG_ENABLE_OBJC_WEAK = YES;
				CLANG_WARN_BLOCK_CAPTURE_AUTORELEASING = YES;
				CLANG_WARN_BOOL_CONVERSION = YES;
				CLANG_WARN_COMMA = YES;
				CLANG_WARN_CONSTANT_CONVERSION = YES;
				CLANG_WARN_DEPRECATED_OBJC_IMPLEMENTATIONS = YES;
				CLANG_WARN_DIRECT_OBJC_ISA_USAGE = YES_ERROR;
				CLANG_WARN_DOCUMENTATION_COMMENTS = YES;
				CLANG_WARN_EMPTY_BODY = YES;
				CLANG_WARN_ENUM_CONVERSION = YES;
				CLANG_WARN_INFINITE_RECURSION = YES;
				CLANG_WARN_INT_CONVERSION = YES;
				CLANG_WARN_NON_LITERAL_NULL_CONVERSION = YES;
				CLANG_WARN_OBJC_IMPLICIT_RETAIN_SELF = YES;
				CLANG_WARN_OBJC_LITERAL_CONVERSION = YES;
				CLANG_WARN_OBJC_ROOT_CLASS = YES_ERROR;
				CLANG_WARN_QUOTED_INCLUDE_IN_FRAMEWORK_HEADER = YES;
				CLANG_WARN_RANGE_LOOP_ANALYSIS = YES;
				CLANG_WARN_STRICT_PROTOTYPES = YES;
				CLANG_WARN_SUSPICIOUS_MOVE = YES;
				CLANG_WARN_UNGUARDED_AVAILABILITY = YES_AGGRESSIVE;
				CLANG_WARN_UNREACHABLE_CODE = YES;
				CLANG_WARN__DUPLICATE_METHOD_MATCH = YES;
				COPY_PHASE_STRIP = NO;
				DEBUG_INFORMATION_FORMAT = dwarf;
				ENABLE_STRICT_OBJC_MSGSEND = YES;
				ENABLE_TESTABILITY = YES;
				GCC_C_LANGUAGE_STANDARD = gnu11;
				GCC_DYNAMIC_NO_PIC = NO;
				GCC_NO_COMMON_BLOCKS = YES;
				GCC_OPTIMIZATION_LEVEL = 0;
				GCC_PREPROCESSOR_DEFINITIONS = (
					"DEBUG=1",
					"$(inherited)",
				);
				GCC_WARN_64_TO_32_BIT_CONVERSION = YES;
				GCC_WARN_ABOUT_RETURN_TYPE = YES_ERROR;
				GCC_WARN_UNDECLARED_SELECTOR = YES;
				GCC_WARN_UNINITIALIZED_AUTOS = YES_AGGRESSIVE;
				GCC_WARN_UNUSED_FUNCTION = YES;
				GCC_WARN_UNUSED_VARIABLE = YES;
				MACOSX_DEPLOYMENT_TARGET = 10.15;
				MTL_ENABLE_DEBUG_INFO = INCLUDE_SOURCE;
				MTL_FAST_MATH = YES;
				ONLY_ACTIVE_ARCH = YES;
				SDKROOT = macosx;
				SWIFT_ACTIVE_COMPILATION_CONDITIONS = DEBUG;
				SWIFT_OPTIMIZATION_LEVEL = "-Onone";
			};
			name = Debug;
		};
		AD27354A27A13F1000566C59 /* Release */ = {
			isa = XCBuildConfiguration;
			buildSettings = {
				ALWAYS_SEARCH_USER_PATHS = NO;
				CLANG_ANALYZER_NONNULL = YES;
				CLANG_ANALYZER_NUMBER_OBJECT_CONVERSION = YES_AGGRESSIVE;
				CLANG_CXX_LANGUAGE_STANDARD = "gnu++14";
				CLANG_CXX_LIBRARY = "libc++";
				CLANG_ENABLE_MODULES = YES;
				CLANG_ENABLE_OBJC_ARC = YES;
				CLANG_ENABLE_OBJC_WEAK = YES;
				CLANG_WARN_BLOCK_CAPTURE_AUTORELEASING = YES;
				CLANG_WARN_BOOL_CONVERSION = YES;
				CLANG_WARN_COMMA = YES;
				CLANG_WARN_CONSTANT_CONVERSION = YES;
				CLANG_WARN_DEPRECATED_OBJC_IMPLEMENTATIONS = YES;
				CLANG_WARN_DIRECT_OBJC_ISA_USAGE = YES_ERROR;
				CLANG_WARN_DOCUMENTATION_COMMENTS = YES;
				CLANG_WARN_EMPTY_BODY = YES;
				CLANG_WARN_ENUM_CONVERSION = YES;
				CLANG_WARN_INFINITE_RECURSION = YES;
				CLANG_WARN_INT_CONVERSION = YES;
				CLANG_WARN_NON_LITERAL_NULL_CONVERSION = YES;
				CLANG_WARN_OBJC_IMPLICIT_RETAIN_SELF = YES;
				CLANG_WARN_OBJC_LITERAL_CONVERSION = YES;
				CLANG_WARN_OBJC_ROOT_CLASS = YES_ERROR;
				CLANG_WARN_QUOTED_INCLUDE_IN_FRAMEWORK_HEADER = YES;
				CLANG_WARN_RANGE_LOOP_ANALYSIS = YES;
				CLANG_WARN_STRICT_PROTOTYPES = YES;
				CLANG_WARN_SUSPICIOUS_MOVE = YES;
				CLANG_WARN_UNGUARDED_AVAILABILITY = YES_AGGRESSIVE;
				CLANG_WARN_UNREACHABLE_CODE = YES;
				CLANG_WARN__DUPLICATE_METHOD_MATCH = YES;
				COPY_PHASE_STRIP = NO;
				DEBUG_INFORMATION_FORMAT = "dwarf-with-dsym";
				ENABLE_NS_ASSERTIONS = NO;
				ENABLE_STRICT_OBJC_MSGSEND = YES;
				GCC_C_LANGUAGE_STANDARD = gnu11;
				GCC_NO_COMMON_BLOCKS = YES;
				GCC_WARN_64_TO_32_BIT_CONVERSION = YES;
				GCC_WARN_ABOUT_RETURN_TYPE = YES_ERROR;
				GCC_WARN_UNDECLARED_SELECTOR = YES;
				GCC_WARN_UNINITIALIZED_AUTOS = YES_AGGRESSIVE;
				GCC_WARN_UNUSED_FUNCTION = YES;
				GCC_WARN_UNUSED_VARIABLE = YES;
				MACOSX_DEPLOYMENT_TARGET = 10.15;
				MTL_ENABLE_DEBUG_INFO = NO;
				MTL_FAST_MATH = YES;
				SDKROOT = macosx;
				SWIFT_COMPILATION_MODE = wholemodule;
				SWIFT_OPTIMIZATION_LEVEL = "-O";
			};
			name = Release;
		};
		AD27354C27A13F1000566C59 /* Debug */ = {
			isa = XCBuildConfiguration;
			buildSettings = {
				ASSETCATALOG_COMPILER_APPICON_NAME = AppIcon;
				ASSETCATALOG_COMPILER_GLOBAL_ACCENT_COLOR_NAME = AccentColor;
				CODE_SIGN_ENTITLEMENTS = Scramble/Scramble.entitlements;
				CODE_SIGN_STYLE = Automatic;
				COMBINE_HIDPI_IMAGES = YES;
				INFOPLIST_FILE = Scramble/Info.plist;
				LD_RUNPATH_SEARCH_PATHS = (
					"$(inherited)",
					"@executable_path/../Frameworks",
				);
				PRODUCT_BUNDLE_IDENTIFIER = oss.Scramble;
				PRODUCT_NAME = "$(TARGET_NAME)";
				SWIFT_VERSION = 5.0;
			};
			name = Debug;
		};
		AD27354D27A13F1000566C59 /* Release */ = {
			isa = XCBuildConfiguration;
			buildSettings = {
				ASSETCATALOG_COMPILER_APPICON_NAME = AppIcon;
				ASSETCATALOG_COMPILER_GLOBAL_ACCENT_COLOR_NAME = AccentColor;
				CODE_SIGN_ENTITLEMENTS = Scramble/Scramble.entitlements;
				CODE_SIGN_STYLE = Automatic;
				COMBINE_HIDPI_IMAGES = YES;
				INFOPLIST_FILE = Scramble/Info.plist;
				LD_RUNPATH_SEARCH_PATHS = (
					"$(inherited)",
					"@executable_path/../Frameworks",
				);
				PRODUCT_BUNDLE_IDENTIFIER = oss.Scramble;
				PRODUCT_NAME = "$(TARGET_NAME)";
				SWIFT_VERSION = 5.0;
			};
			name = Release;
		};
/* End XCBuildConfiguration section */

/* Begin XCConfigurationList section */
		AD27353027A13F0F00566C59 /* Build configuration list for PBXProject "Scramble" */ = {
			isa = XCConfigurationList;
			buildConfigurations = (
				AD27354927A13F1000566C59 /* Debug */,
				AD27354A27A13F1000566C59 /* Release */,
			);
			defaultConfigurationIsVisible = 0;
			defaultConfigurationName = Release;
		};
		AD27354B27A13F1000566C59 /* Build configuration list for PBXNativeTarget "Scramble" */ = {
			isa = XCConfigurationList;
			buildConfigurations = (
				AD27354C27A13F1000566C59 /* Debug */,
				AD27354D27A13F1000566C59 /* Release */,
			);
			defaultConfigurationIsVisible = 0;
			defaultConfigurationName = Release;
		};
/* End XCConfigurationList section */
	};
	rootObject = AD27352D27A13F0F00566C59 /* Project object */;
}
