// !$*UTF8*$!
{
	archiveVersion = 1;
	classes = {
	};
	objectVersion = 56;
	objects = {

/* Begin PBXBuildFile section */
		312800952BA0E39A00394CDB /* plants.json in Resources */ = {isa = PBXBuildFile; fileRef = 312800942BA0E39A00394CDB /* plants.json */; };
		312800972BA0EB3200394CDB /* TitleScreenView.swift in Sources */ = {isa = PBXBuildFile; fileRef = 312800962BA0EB3200394CDB /* TitleScreenView.swift */; };
		312800992BA0EF5400394CDB /* PlantDetailsView.swift in Sources */ = {isa = PBXBuildFile; fileRef = 312800982BA0EF5400394CDB /* PlantDetailsView.swift */; };
		31B814622BA20F3C008FF14A /* LearningSessionSettingsView.swift in Sources */ = {isa = PBXBuildFile; fileRef = 31B814612BA20F3C008FF14A /* LearningSessionSettingsView.swift */; };
		31B814642BA217BA008FF14A /* LearnView.swift in Sources */ = {isa = PBXBuildFile; fileRef = 31B814632BA217BA008FF14A /* LearnView.swift */; };
		8D3D498E2B878379008A10B7 /* TestXXXXXXXXXXXApp.swift in Sources */ = {isa = PBXBuildFile; fileRef = 8D3D498D2B878379008A10B7 /* TestXXXXXXXXXXXApp.swift */; };
		8D3D49922B87837C008A10B7 /* Assets.xcassets in Resources */ = {isa = PBXBuildFile; fileRef = 8D3D49912B87837C008A10B7 /* Assets.xcassets */; };
		8D3D49952B87837C008A10B7 /* Preview Assets.xcassets in Resources */ = {isa = PBXBuildFile; fileRef = 8D3D49942B87837C008A10B7 /* Preview Assets.xcassets */; };
		8D3D499C2B87860B008A10B7 /* Plant.swift in Sources */ = {isa = PBXBuildFile; fileRef = 8D3D499B2B87860B008A10B7 /* Plant.swift */; };
		8D3D499F2B87879A008A10B7 /* DataManager.swift in Sources */ = {isa = PBXBuildFile; fileRef = 8D3D499E2B87879A008A10B7 /* DataManager.swift */; };
		8D3D49A12B878CE3008A10B7 /* DataListView.swift in Sources */ = {isa = PBXBuildFile; fileRef = 8D3D49A02B878CE2008A10B7 /* DataListView.swift */; };
/* End PBXBuildFile section */

/* Begin PBXFileReference section */
		312800942BA0E39A00394CDB /* plants.json */ = {isa = PBXFileReference; fileEncoding = 4; lastKnownFileType = text.json; path = plants.json; sourceTree = "<group>"; };
		312800962BA0EB3200394CDB /* TitleScreenView.swift */ = {isa = PBXFileReference; lastKnownFileType = sourcecode.swift; path = TitleScreenView.swift; sourceTree = "<group>"; };
		312800982BA0EF5400394CDB /* PlantDetailsView.swift */ = {isa = PBXFileReference; lastKnownFileType = sourcecode.swift; path = PlantDetailsView.swift; sourceTree = "<group>"; };
		31B814612BA20F3C008FF14A /* LearningSessionSettingsView.swift */ = {isa = PBXFileReference; lastKnownFileType = sourcecode.swift; path = LearningSessionSettingsView.swift; sourceTree = "<group>"; };
		31B814632BA217BA008FF14A /* LearnView.swift */ = {isa = PBXFileReference; lastKnownFileType = sourcecode.swift; path = LearnView.swift; sourceTree = "<group>"; };
		8D3D498A2B878379008A10B7 /* TestXXXXXXXXXXX.app */ = {isa = PBXFileReference; explicitFileType = wrapper.application; includeInIndex = 0; path = TestXXXXXXXXXXX.app; sourceTree = BUILT_PRODUCTS_DIR; };
		8D3D498D2B878379008A10B7 /* TestXXXXXXXXXXXApp.swift */ = {isa = PBXFileReference; lastKnownFileType = sourcecode.swift; path = TestXXXXXXXXXXXApp.swift; sourceTree = "<group>"; };
		8D3D49912B87837C008A10B7 /* Assets.xcassets */ = {isa = PBXFileReference; lastKnownFileType = folder.assetcatalog; path = Assets.xcassets; sourceTree = "<group>"; };
		8D3D49942B87837C008A10B7 /* Preview Assets.xcassets */ = {isa = PBXFileReference; lastKnownFileType = folder.assetcatalog; path = "Preview Assets.xcassets"; sourceTree = "<group>"; };
		8D3D499B2B87860B008A10B7 /* Plant.swift */ = {isa = PBXFileReference; lastKnownFileType = sourcecode.swift; path = Plant.swift; sourceTree = "<group>"; };
		8D3D499E2B87879A008A10B7 /* DataManager.swift */ = {isa = PBXFileReference; lastKnownFileType = sourcecode.swift; path = DataManager.swift; sourceTree = "<group>"; };
		8D3D49A02B878CE2008A10B7 /* DataListView.swift */ = {isa = PBXFileReference; lastKnownFileType = sourcecode.swift; path = DataListView.swift; sourceTree = "<group>"; };
/* End PBXFileReference section */

/* Begin PBXFrameworksBuildPhase section */
		8D3D49872B878379008A10B7 /* Frameworks */ = {
			isa = PBXFrameworksBuildPhase;
			buildActionMask = 2147483647;
			files = (
			);
			runOnlyForDeploymentPostprocessing = 0;
		};
/* End PBXFrameworksBuildPhase section */

/* Begin PBXGroup section */
		8D3D49812B878379008A10B7 = {
			isa = PBXGroup;
			children = (
				8D3D498C2B878379008A10B7 /* TestXXXXXXXXXXX */,
				8D3D498B2B878379008A10B7 /* Products */,
			);
			sourceTree = "<group>";
		};
		8D3D498B2B878379008A10B7 /* Products */ = {
			isa = PBXGroup;
			children = (
				8D3D498A2B878379008A10B7 /* TestXXXXXXXXXXX.app */,
			);
			name = Products;
			sourceTree = "<group>";
		};
		8D3D498C2B878379008A10B7 /* TestXXXXXXXXXXX */ = {
			isa = PBXGroup;
			children = (
				8D3D498D2B878379008A10B7 /* TestXXXXXXXXXXXApp.swift */,
				312800962BA0EB3200394CDB /* TitleScreenView.swift */,
				8D3D49A02B878CE2008A10B7 /* DataListView.swift */,
				8D3D499B2B87860B008A10B7 /* Plant.swift */,
				8D3D499E2B87879A008A10B7 /* DataManager.swift */,
				31B814632BA217BA008FF14A /* LearnView.swift */,
				31B814612BA20F3C008FF14A /* LearningSessionSettingsView.swift */,
				312800982BA0EF5400394CDB /* PlantDetailsView.swift */,
				312800942BA0E39A00394CDB /* plants.json */,
				8D3D49912B87837C008A10B7 /* Assets.xcassets */,
				8D3D49932B87837C008A10B7 /* Preview Content */,
			);
			path = TestXXXXXXXXXXX;
			sourceTree = "<group>";
		};
		8D3D49932B87837C008A10B7 /* Preview Content */ = {
			isa = PBXGroup;
			children = (
				8D3D49942B87837C008A10B7 /* Preview Assets.xcassets */,
			);
			path = "Preview Content";
			sourceTree = "<group>";
		};
/* End PBXGroup section */

/* Begin PBXNativeTarget section */
		8D3D49892B878379008A10B7 /* TestXXXXXXXXXXX */ = {
			isa = PBXNativeTarget;
			buildConfigurationList = 8D3D49982B87837C008A10B7 /* Build configuration list for PBXNativeTarget "TestXXXXXXXXXXX" */;
			buildPhases = (
				8D3D49862B878379008A10B7 /* Sources */,
				8D3D49872B878379008A10B7 /* Frameworks */,
				8D3D49882B878379008A10B7 /* Resources */,
			);
			buildRules = (
			);
			dependencies = (
			);
			name = TestXXXXXXXXXXX;
			productName = TestXXXXXXXXXXX;
			productReference = 8D3D498A2B878379008A10B7 /* TestXXXXXXXXXXX.app */;
			productType = "com.apple.product-type.application";
		};
/* End PBXNativeTarget section */

/* Begin PBXProject section */
		8D3D49822B878379008A10B7 /* Project object */ = {
			isa = PBXProject;
			attributes = {
				BuildIndependentTargetsInParallel = 1;
				LastSwiftUpdateCheck = 1520;
				LastUpgradeCheck = 1520;
				TargetAttributes = {
					8D3D49892B878379008A10B7 = {
						CreatedOnToolsVersion = 15.2;
					};
				};
			};
			buildConfigurationList = 8D3D49852B878379008A10B7 /* Build configuration list for PBXProject "TestXXXXXXXXXXX" */;
			compatibilityVersion = "Xcode 14.0";
			developmentRegion = en;
			hasScannedForEncodings = 0;
			knownRegions = (
				en,
				Base,
			);
			mainGroup = 8D3D49812B878379008A10B7;
			productRefGroup = 8D3D498B2B878379008A10B7 /* Products */;
			projectDirPath = "";
			projectRoot = "";
			targets = (
				8D3D49892B878379008A10B7 /* TestXXXXXXXXXXX */,
			);
		};
/* End PBXProject section */

/* Begin PBXResourcesBuildPhase section */
		8D3D49882B878379008A10B7 /* Resources */ = {
			isa = PBXResourcesBuildPhase;
			buildActionMask = 2147483647;
			files = (
				8D3D49952B87837C008A10B7 /* Preview Assets.xcassets in Resources */,
				312800952BA0E39A00394CDB /* plants.json in Resources */,
				8D3D49922B87837C008A10B7 /* Assets.xcassets in Resources */,
			);
			runOnlyForDeploymentPostprocessing = 0;
		};
/* End PBXResourcesBuildPhase section */

/* Begin PBXSourcesBuildPhase section */
		8D3D49862B878379008A10B7 /* Sources */ = {
			isa = PBXSourcesBuildPhase;
			buildActionMask = 2147483647;
			files = (
				31B814622BA20F3C008FF14A /* LearningSessionSettingsView.swift in Sources */,
				8D3D49A12B878CE3008A10B7 /* DataListView.swift in Sources */,
				31B814642BA217BA008FF14A /* LearnView.swift in Sources */,
				8D3D499F2B87879A008A10B7 /* DataManager.swift in Sources */,
				312800992BA0EF5400394CDB /* PlantDetailsView.swift in Sources */,
				312800972BA0EB3200394CDB /* TitleScreenView.swift in Sources */,
				8D3D499C2B87860B008A10B7 /* Plant.swift in Sources */,
				8D3D498E2B878379008A10B7 /* TestXXXXXXXXXXXApp.swift in Sources */,
			);
			runOnlyForDeploymentPostprocessing = 0;
		};
/* End PBXSourcesBuildPhase section */

/* Begin XCBuildConfiguration section */
		8D3D49962B87837C008A10B7 /* Debug */ = {
			isa = XCBuildConfiguration;
			buildSettings = {
				ALWAYS_SEARCH_USER_PATHS = NO;
				ASSETCATALOG_COMPILER_GENERATE_SWIFT_ASSET_SYMBOL_EXTENSIONS = YES;
				CLANG_ANALYZER_NONNULL = YES;
				CLANG_ANALYZER_NUMBER_OBJECT_CONVERSION = YES_AGGRESSIVE;
				CLANG_CXX_LANGUAGE_STANDARD = "gnu++20";
				CLANG_ENABLE_MODULES = YES;
				CLANG_ENABLE_OBJC_ARC = YES;
				CLANG_ENABLE_OBJC_WEAK = YES;
				CLANG_WARN_BLOCK_CAPTURE_AUTORELEASING = YES;
				CLANG_WARN_BOOL_CONVERSION = YES;
				CLANG_WARN_COMMA = YES;
				CLANG_WARN_CONSTANT_CONVERSION = YES;
				CLANG_WARN_DEPRECATED_OBJC_IMPLEMENTATIONS = YES;
				CLANG_WARN_DIRECT_OBJC_ISA_USAGE = YES_ERROR;
				CLANG_WARN_DOCUMENTATION_COMMENTS = YES;
				CLANG_WARN_EMPTY_BODY = YES;
				CLANG_WARN_ENUM_CONVERSION = YES;
				CLANG_WARN_INFINITE_RECURSION = YES;
				CLANG_WARN_INT_CONVERSION = YES;
				CLANG_WARN_NON_LITERAL_NULL_CONVERSION = YES;
				CLANG_WARN_OBJC_IMPLICIT_RETAIN_SELF = YES;
				CLANG_WARN_OBJC_LITERAL_CONVERSION = YES;
				CLANG_WARN_OBJC_ROOT_CLASS = YES_ERROR;
				CLANG_WARN_QUOTED_INCLUDE_IN_FRAMEWORK_HEADER = YES;
				CLANG_WARN_RANGE_LOOP_ANALYSIS = YES;
				CLANG_WARN_STRICT_PROTOTYPES = YES;
				CLANG_WARN_SUSPICIOUS_MOVE = YES;
				CLANG_WARN_UNGUARDED_AVAILABILITY = YES_AGGRESSIVE;
				CLANG_WARN_UNREACHABLE_CODE = YES;
				CLANG_WARN__DUPLICATE_METHOD_MATCH = YES;
				COPY_PHASE_STRIP = NO;
				DEBUG_INFORMATION_FORMAT = dwarf;
				ENABLE_STRICT_OBJC_MSGSEND = YES;
				ENABLE_TESTABILITY = YES;
				ENABLE_USER_SCRIPT_SANDBOXING = YES;
				GCC_C_LANGUAGE_STANDARD = gnu17;
				GCC_DYNAMIC_NO_PIC = NO;
				GCC_NO_COMMON_BLOCKS = YES;
				GCC_OPTIMIZATION_LEVEL = 0;
				GCC_PREPROCESSOR_DEFINITIONS = (
					"DEBUG=1",
					"$(inherited)",
				);
				GCC_WARN_64_TO_32_BIT_CONVERSION = YES;
				GCC_WARN_ABOUT_RETURN_TYPE = YES_ERROR;
				GCC_WARN_UNDECLARED_SELECTOR = YES;
				GCC_WARN_UNINITIALIZED_AUTOS = YES_AGGRESSIVE;
				GCC_WARN_UNUSED_FUNCTION = YES;
				GCC_WARN_UNUSED_VARIABLE = YES;
				IPHONEOS_DEPLOYMENT_TARGET = 17.2;
				LOCALIZATION_PREFERS_STRING_CATALOGS = YES;
				MTL_ENABLE_DEBUG_INFO = INCLUDE_SOURCE;
				MTL_FAST_MATH = YES;
				ONLY_ACTIVE_ARCH = YES;
				SDKROOT = iphoneos;
				SWIFT_ACTIVE_COMPILATION_CONDITIONS = "DEBUG $(inherited)";
				SWIFT_OPTIMIZATION_LEVEL = "-Onone";
			};
			name = Debug;
		};
		8D3D49972B87837C008A10B7 /* Release */ = {
			isa = XCBuildConfiguration;
			buildSettings = {
				ALWAYS_SEARCH_USER_PATHS = NO;
				ASSETCATALOG_COMPILER_GENERATE_SWIFT_ASSET_SYMBOL_EXTENSIONS = YES;
				CLANG_ANALYZER_NONNULL = YES;
				CLANG_ANALYZER_NUMBER_OBJECT_CONVERSION = YES_AGGRESSIVE;
				CLANG_CXX_LANGUAGE_STANDARD = "gnu++20";
				CLANG_ENABLE_MODULES = YES;
				CLANG_ENABLE_OBJC_ARC = YES;
				CLANG_ENABLE_OBJC_WEAK = YES;
				CLANG_WARN_BLOCK_CAPTURE_AUTORELEASING = YES;
				CLANG_WARN_BOOL_CONVERSION = YES;
				CLANG_WARN_COMMA = YES;
				CLANG_WARN_CONSTANT_CONVERSION = YES;
				CLANG_WARN_DEPRECATED_OBJC_IMPLEMENTATIONS = YES;
				CLANG_WARN_DIRECT_OBJC_ISA_USAGE = YES_ERROR;
				CLANG_WARN_DOCUMENTATION_COMMENTS = YES;
				CLANG_WARN_EMPTY_BODY = YES;
				CLANG_WARN_ENUM_CONVERSION = YES;
				CLANG_WARN_INFINITE_RECURSION = YES;
				CLANG_WARN_INT_CONVERSION = YES;
				CLANG_WARN_NON_LITERAL_NULL_CONVERSION = YES;
				CLANG_WARN_OBJC_IMPLICIT_RETAIN_SELF = YES;
				CLANG_WARN_OBJC_LITERAL_CONVERSION = YES;
				CLANG_WARN_OBJC_ROOT_CLASS = YES_ERROR;
				CLANG_WARN_QUOTED_INCLUDE_IN_FRAMEWORK_HEADER = YES;
				CLANG_WARN_RANGE_LOOP_ANALYSIS = YES;
				CLANG_WARN_STRICT_PROTOTYPES = YES;
				CLANG_WARN_SUSPICIOUS_MOVE = YES;
				CLANG_WARN_UNGUARDED_AVAILABILITY = YES_AGGRESSIVE;
				CLANG_WARN_UNREACHABLE_CODE = YES;
				CLANG_WARN__DUPLICATE_METHOD_MATCH = YES;
				COPY_PHASE_STRIP = NO;
				DEBUG_INFORMATION_FORMAT = "dwarf-with-dsym";
				ENABLE_NS_ASSERTIONS = NO;
				ENABLE_STRICT_OBJC_MSGSEND = YES;
				ENABLE_USER_SCRIPT_SANDBOXING = YES;
				GCC_C_LANGUAGE_STANDARD = gnu17;
				GCC_NO_COMMON_BLOCKS = YES;
				GCC_WARN_64_TO_32_BIT_CONVERSION = YES;
				GCC_WARN_ABOUT_RETURN_TYPE = YES_ERROR;
				GCC_WARN_UNDECLARED_SELECTOR = YES;
				GCC_WARN_UNINITIALIZED_AUTOS = YES_AGGRESSIVE;
				GCC_WARN_UNUSED_FUNCTION = YES;
				GCC_WARN_UNUSED_VARIABLE = YES;
				IPHONEOS_DEPLOYMENT_TARGET = 17.2;
				LOCALIZATION_PREFERS_STRING_CATALOGS = YES;
				MTL_ENABLE_DEBUG_INFO = NO;
				MTL_FAST_MATH = YES;
				SDKROOT = iphoneos;
				SWIFT_COMPILATION_MODE = wholemodule;
				VALIDATE_PRODUCT = YES;
			};
			name = Release;
		};
		8D3D49992B87837C008A10B7 /* Debug */ = {
			isa = XCBuildConfiguration;
			buildSettings = {
				ASSETCATALOG_COMPILER_APPICON_NAME = AppIcon;
				ASSETCATALOG_COMPILER_GLOBAL_ACCENT_COLOR_NAME = AccentColor;
				CODE_SIGN_STYLE = Automatic;
				CURRENT_PROJECT_VERSION = 1;
				DEVELOPMENT_ASSET_PATHS = "\"TestXXXXXXXXXXX/Preview Content\"";
				DEVELOPMENT_TEAM = AD9Q7J5759;
				ENABLE_PREVIEWS = YES;
				GENERATE_INFOPLIST_FILE = YES;
				INFOPLIST_KEY_UIApplicationSceneManifest_Generation = YES;
				INFOPLIST_KEY_UIApplicationSupportsIndirectInputEvents = YES;
				INFOPLIST_KEY_UILaunchScreen_Generation = YES;
				INFOPLIST_KEY_UISupportedInterfaceOrientations_iPad = "UIInterfaceOrientationPortrait UIInterfaceOrientationPortraitUpsideDown UIInterfaceOrientationLandscapeLeft UIInterfaceOrientationLandscapeRight";
				INFOPLIST_KEY_UISupportedInterfaceOrientations_iPhone = "UIInterfaceOrientationPortrait UIInterfaceOrientationLandscapeLeft UIInterfaceOrientationLandscapeRight";
				IPHONEOS_DEPLOYMENT_TARGET = 16.6;
				LD_RUNPATH_SEARCH_PATHS = (
					"$(inherited)",
					"@executable_path/Frameworks",
				);
				MARKETING_VERSION = 1.0;
				PRODUCT_BUNDLE_IDENTIFIER = org.yunes.TestXXXXXXXXXXX;
				PRODUCT_NAME = "$(TARGET_NAME)";
				SWIFT_EMIT_LOC_STRINGS = YES;
				SWIFT_VERSION = 5.0;
				TARGETED_DEVICE_FAMILY = "1,2";
			};
			name = Debug;
		};
		8D3D499A2B87837C008A10B7 /* Release */ = {
			isa = XCBuildConfiguration;
			buildSettings = {
				ASSETCATALOG_COMPILER_APPICON_NAME = AppIcon;
				ASSETCATALOG_COMPILER_GLOBAL_ACCENT_COLOR_NAME = AccentColor;
				CODE_SIGN_STYLE = Automatic;
				CURRENT_PROJECT_VERSION = 1;
				DEVELOPMENT_ASSET_PATHS = "\"TestXXXXXXXXXXX/Preview Content\"";
				DEVELOPMENT_TEAM = AD9Q7J5759;
				ENABLE_PREVIEWS = YES;
				GENERATE_INFOPLIST_FILE = YES;
				INFOPLIST_KEY_UIApplicationSceneManifest_Generation = YES;
				INFOPLIST_KEY_UIApplicationSupportsIndirectInputEvents = YES;
				INFOPLIST_KEY_UILaunchScreen_Generation = YES;
				INFOPLIST_KEY_UISupportedInterfaceOrientations_iPad = "UIInterfaceOrientationPortrait UIInterfaceOrientationPortraitUpsideDown UIInterfaceOrientationLandscapeLeft UIInterfaceOrientationLandscapeRight";
				INFOPLIST_KEY_UISupportedInterfaceOrientations_iPhone = "UIInterfaceOrientationPortrait UIInterfaceOrientationLandscapeLeft UIInterfaceOrientationLandscapeRight";
				IPHONEOS_DEPLOYMENT_TARGET = 16.6;
				LD_RUNPATH_SEARCH_PATHS = (
					"$(inherited)",
					"@executable_path/Frameworks",
				);
				MARKETING_VERSION = 1.0;
				PRODUCT_BUNDLE_IDENTIFIER = org.yunes.TestXXXXXXXXXXX;
				PRODUCT_NAME = "$(TARGET_NAME)";
				SWIFT_EMIT_LOC_STRINGS = YES;
				SWIFT_VERSION = 5.0;
				TARGETED_DEVICE_FAMILY = "1,2";
			};
			name = Release;
		};
/* End XCBuildConfiguration section */

/* Begin XCConfigurationList section */
		8D3D49852B878379008A10B7 /* Build configuration list for PBXProject "TestXXXXXXXXXXX" */ = {
			isa = XCConfigurationList;
			buildConfigurations = (
				8D3D49962B87837C008A10B7 /* Debug */,
				8D3D49972B87837C008A10B7 /* Release */,
			);
			defaultConfigurationIsVisible = 0;
			defaultConfigurationName = Release;
		};
		8D3D49982B87837C008A10B7 /* Build configuration list for PBXNativeTarget "TestXXXXXXXXXXX" */ = {
			isa = XCConfigurationList;
			buildConfigurations = (
				8D3D49992B87837C008A10B7 /* Debug */,
				8D3D499A2B87837C008A10B7 /* Release */,
			);
			defaultConfigurationIsVisible = 0;
			defaultConfigurationName = Release;
		};
/* End XCConfigurationList section */
	};
	rootObject = 8D3D49822B878379008A10B7 /* Project object */;
}
